<?xml version="1.0" encoding="utf-8"?>
<Project ToolsVersion="4.0" xmlns="http://schemas.microsoft.com/developer/msbuild/2003">
  <ItemGroup>
    <ClCompile Include="client.cpp" />
    <ClCompile Include="core_linear.cpp" />
    <ClCompile Include="main.cpp" />
    <ClCompile Include="mod_muonline.cpp" />
    <ClCompile Include="mu_utils.cpp" />
    <ClCompile Include="parser.cpp" />
    <ClCompile Include="pool.cpp" />
    <ClCompile Include="server.cpp" />
  </ItemGroup>
  <ItemGroup>
    <ClInclude Include="client.h" />
    <ClInclude Include="core_linear.h" />
    <ClInclude Include="mod_muonline.h" />
    <ClInclude Include="mu_utils.h" />
    <ClInclude Include="parser.h" />
    <ClInclude Include="pool.h" />
    <ClInclude Include="server.h" />
    <ClInclude Include="shared.h" />
  </ItemGroup>
</Project>